// !$*UTF8*$!
{
	archiveVersion = 1;
	classes = {
	};
	objectVersion = 51;
	objects = {

/* Begin PBXBuildFile section */
		730FD27BB01E96B786E1262D /* Pods_SidelineSwapiOSChallenge.framework in Frameworks */ = {isa = PBXBuildFile; fileRef = C75B772FB332C39C1A12E40E /* Pods_SidelineSwapiOSChallenge.framework */; };
		8A483548252110B70027D116 /* AppDelegate.swift in Sources */ = {isa = PBXBuildFile; fileRef = 8A483547252110B70027D116 /* AppDelegate.swift */; };
		8A48354A252110B70027D116 /* SceneDelegate.swift in Sources */ = {isa = PBXBuildFile; fileRef = 8A483549252110B70027D116 /* SceneDelegate.swift */; };
		8A48354F252110B70027D116 /* Main.storyboard in Resources */ = {isa = PBXBuildFile; fileRef = 8A48354D252110B70027D116 /* Main.storyboard */; };
		8A483551252110B80027D116 /* Assets.xcassets in Resources */ = {isa = PBXBuildFile; fileRef = 8A483550252110B80027D116 /* Assets.xcassets */; };
		8A483554252110B80027D116 /* LaunchScreen.storyboard in Resources */ = {isa = PBXBuildFile; fileRef = 8A483552252110B80027D116 /* LaunchScreen.storyboard */; };
		8A48355F252110B80027D116 /* SidelineSwapiOSChallengeTests.swift in Sources */ = {isa = PBXBuildFile; fileRef = 8A48355E252110B80027D116 /* SidelineSwapiOSChallengeTests.swift */; };
		8A48356A252110B80027D116 /* SidelineSwapiOSChallengeUITests.swift in Sources */ = {isa = PBXBuildFile; fileRef = 8A483569252110B80027D116 /* SidelineSwapiOSChallengeUITests.swift */; };
		8A483578252114520027D116 /* ShopViewController.swift in Sources */ = {isa = PBXBuildFile; fileRef = 8A483577252114520027D116 /* ShopViewController.swift */; };
		8A48357A252115300027D116 /* ShopItemCollectionViewCell.swift in Sources */ = {isa = PBXBuildFile; fileRef = 8A483579252115300027D116 /* ShopItemCollectionViewCell.swift */; };
		8A48357C252115A10027D116 /* ShopItem.swift in Sources */ = {isa = PBXBuildFile; fileRef = 8A48357B252115A10027D116 /* ShopItem.swift */; };
		8A483580252118B50027D116 /* Networking.swift in Sources */ = {isa = PBXBuildFile; fileRef = 8A48357F252118B50027D116 /* Networking.swift */; };
		8A4835852521211B0027D116 /* NetworkResponse.swift in Sources */ = {isa = PBXBuildFile; fileRef = 8A4835842521211B0027D116 /* NetworkResponse.swift */; };
		8A48358B252157440027D116 /* ImageItem.swift in Sources */ = {isa = PBXBuildFile; fileRef = 8A48358A252157440027D116 /* ImageItem.swift */; };
		B4E1B4C526C09A4DC3F935C9 /* Pods_SidelineSwapiOSChallengeTests.framework in Frameworks */ = {isa = PBXBuildFile; fileRef = 12381AEAFE9FBBB5CD444B2F /* Pods_SidelineSwapiOSChallengeTests.framework */; };
		D1D412DD2C6CDD9D26BDF649 /* Pods_SidelineSwapiOSChallenge_SidelineSwapiOSChallengeUITests.framework in Frameworks */ = {isa = PBXBuildFile; fileRef = A5864D749FD21CCF61099155 /* Pods_SidelineSwapiOSChallenge_SidelineSwapiOSChallengeUITests.framework */; };
/* End PBXBuildFile section */

/* Begin PBXContainerItemProxy section */
		8A48355B252110B80027D116 /* PBXContainerItemProxy */ = {
			isa = PBXContainerItemProxy;
			containerPortal = 8A48353C252110B70027D116 /* Project object */;
			proxyType = 1;
			remoteGlobalIDString = 8A483543252110B70027D116;
			remoteInfo = SidelineSwapiOSChallenge;
		};
		8A483566252110B80027D116 /* PBXContainerItemProxy */ = {
			isa = PBXContainerItemProxy;
			containerPortal = 8A48353C252110B70027D116 /* Project object */;
			proxyType = 1;
			remoteGlobalIDString = 8A483543252110B70027D116;
			remoteInfo = SidelineSwapiOSChallenge;
		};
/* End PBXContainerItemProxy section */

/* Begin PBXFileReference section */
		12381AEAFE9FBBB5CD444B2F /* Pods_SidelineSwapiOSChallengeTests.framework */ = {isa = PBXFileReference; explicitFileType = wrapper.framework; includeInIndex = 0; path = Pods_SidelineSwapiOSChallengeTests.framework; sourceTree = BUILT_PRODUCTS_DIR; };
		2AD25507AE36BBDAEDA502C2 /* Pods-SidelineSwapiOSChallenge-SidelineSwapiOSChallengeUITests.debug.xcconfig */ = {isa = PBXFileReference; includeInIndex = 1; lastKnownFileType = text.xcconfig; name = "Pods-SidelineSwapiOSChallenge-SidelineSwapiOSChallengeUITests.debug.xcconfig"; path = "Target Support Files/Pods-SidelineSwapiOSChallenge-SidelineSwapiOSChallengeUITests/Pods-SidelineSwapiOSChallenge-SidelineSwapiOSChallengeUITests.debug.xcconfig"; sourceTree = "<group>"; };
		2CFD165EE1F8F9AD9A746537 /* Pods-SidelineSwapiOSChallengeTests.debug.xcconfig */ = {isa = PBXFileReference; includeInIndex = 1; lastKnownFileType = text.xcconfig; name = "Pods-SidelineSwapiOSChallengeTests.debug.xcconfig"; path = "Target Support Files/Pods-SidelineSwapiOSChallengeTests/Pods-SidelineSwapiOSChallengeTests.debug.xcconfig"; sourceTree = "<group>"; };
		4D7D7AC501BB350D115A8A9F /* Pods-SidelineSwapiOSChallenge.release.xcconfig */ = {isa = PBXFileReference; includeInIndex = 1; lastKnownFileType = text.xcconfig; name = "Pods-SidelineSwapiOSChallenge.release.xcconfig"; path = "Target Support Files/Pods-SidelineSwapiOSChallenge/Pods-SidelineSwapiOSChallenge.release.xcconfig"; sourceTree = "<group>"; };
		8A483544252110B70027D116 /* SidelineSwapiOSChallenge.app */ = {isa = PBXFileReference; explicitFileType = wrapper.application; includeInIndex = 0; path = SidelineSwapiOSChallenge.app; sourceTree = BUILT_PRODUCTS_DIR; };
		8A483547252110B70027D116 /* AppDelegate.swift */ = {isa = PBXFileReference; lastKnownFileType = sourcecode.swift; path = AppDelegate.swift; sourceTree = "<group>"; };
		8A483549252110B70027D116 /* SceneDelegate.swift */ = {isa = PBXFileReference; lastKnownFileType = sourcecode.swift; path = SceneDelegate.swift; sourceTree = "<group>"; };
		8A48354E252110B70027D116 /* Base */ = {isa = PBXFileReference; lastKnownFileType = file.storyboard; name = Base; path = Base.lproj/Main.storyboard; sourceTree = "<group>"; };
		8A483550252110B80027D116 /* Assets.xcassets */ = {isa = PBXFileReference; lastKnownFileType = folder.assetcatalog; path = Assets.xcassets; sourceTree = "<group>"; };
		8A483553252110B80027D116 /* Base */ = {isa = PBXFileReference; lastKnownFileType = file.storyboard; name = Base; path = Base.lproj/LaunchScreen.storyboard; sourceTree = "<group>"; };
		8A483555252110B80027D116 /* Info.plist */ = {isa = PBXFileReference; lastKnownFileType = text.plist.xml; path = Info.plist; sourceTree = "<group>"; };
		8A48355A252110B80027D116 /* SidelineSwapiOSChallengeTests.xctest */ = {isa = PBXFileReference; explicitFileType = wrapper.cfbundle; includeInIndex = 0; path = SidelineSwapiOSChallengeTests.xctest; sourceTree = BUILT_PRODUCTS_DIR; };
		8A48355E252110B80027D116 /* SidelineSwapiOSChallengeTests.swift */ = {isa = PBXFileReference; lastKnownFileType = sourcecode.swift; path = SidelineSwapiOSChallengeTests.swift; sourceTree = "<group>"; };
		8A483560252110B80027D116 /* Info.plist */ = {isa = PBXFileReference; lastKnownFileType = text.plist.xml; path = Info.plist; sourceTree = "<group>"; };
		8A483565252110B80027D116 /* SidelineSwapiOSChallengeUITests.xctest */ = {isa = PBXFileReference; explicitFileType = wrapper.cfbundle; includeInIndex = 0; path = SidelineSwapiOSChallengeUITests.xctest; sourceTree = BUILT_PRODUCTS_DIR; };
		8A483569252110B80027D116 /* SidelineSwapiOSChallengeUITests.swift */ = {isa = PBXFileReference; lastKnownFileType = sourcecode.swift; path = SidelineSwapiOSChallengeUITests.swift; sourceTree = "<group>"; };
		8A48356B252110B80027D116 /* Info.plist */ = {isa = PBXFileReference; lastKnownFileType = text.plist.xml; path = Info.plist; sourceTree = "<group>"; };
		8A483577252114520027D116 /* ShopViewController.swift */ = {isa = PBXFileReference; lastKnownFileType = sourcecode.swift; path = ShopViewController.swift; sourceTree = "<group>"; };
		8A483579252115300027D116 /* ShopItemCollectionViewCell.swift */ = {isa = PBXFileReference; lastKnownFileType = sourcecode.swift; path = ShopItemCollectionViewCell.swift; sourceTree = "<group>"; };
		8A48357B252115A10027D116 /* ShopItem.swift */ = {isa = PBXFileReference; lastKnownFileType = sourcecode.swift; path = ShopItem.swift; sourceTree = "<group>"; };
		8A48357F252118B50027D116 /* Networking.swift */ = {isa = PBXFileReference; lastKnownFileType = sourcecode.swift; path = Networking.swift; sourceTree = "<group>"; };
		8A4835842521211B0027D116 /* NetworkResponse.swift */ = {isa = PBXFileReference; lastKnownFileType = sourcecode.swift; path = NetworkResponse.swift; sourceTree = "<group>"; };
		8A48358A252157440027D116 /* ImageItem.swift */ = {isa = PBXFileReference; lastKnownFileType = sourcecode.swift; path = ImageItem.swift; sourceTree = "<group>"; };
		A5864D749FD21CCF61099155 /* Pods_SidelineSwapiOSChallenge_SidelineSwapiOSChallengeUITests.framework */ = {isa = PBXFileReference; explicitFileType = wrapper.framework; includeInIndex = 0; path = Pods_SidelineSwapiOSChallenge_SidelineSwapiOSChallengeUITests.framework; sourceTree = BUILT_PRODUCTS_DIR; };
		B4232C0E1346B4A7AA0A2602 /* Pods-SidelineSwapiOSChallengeTests.release.xcconfig */ = {isa = PBXFileReference; includeInIndex = 1; lastKnownFileType = text.xcconfig; name = "Pods-SidelineSwapiOSChallengeTests.release.xcconfig"; path = "Target Support Files/Pods-SidelineSwapiOSChallengeTests/Pods-SidelineSwapiOSChallengeTests.release.xcconfig"; sourceTree = "<group>"; };
		C75B772FB332C39C1A12E40E /* Pods_SidelineSwapiOSChallenge.framework */ = {isa = PBXFileReference; explicitFileType = wrapper.framework; includeInIndex = 0; path = Pods_SidelineSwapiOSChallenge.framework; sourceTree = BUILT_PRODUCTS_DIR; };
		E1AD8758B2843D573A94E53D /* Pods-SidelineSwapiOSChallenge.debug.xcconfig */ = {isa = PBXFileReference; includeInIndex = 1; lastKnownFileType = text.xcconfig; name = "Pods-SidelineSwapiOSChallenge.debug.xcconfig"; path = "Target Support Files/Pods-SidelineSwapiOSChallenge/Pods-SidelineSwapiOSChallenge.debug.xcconfig"; sourceTree = "<group>"; };
		EFC0DE2B19C74C26BFE6229A /* Pods-SidelineSwapiOSChallenge-SidelineSwapiOSChallengeUITests.release.xcconfig */ = {isa = PBXFileReference; includeInIndex = 1; lastKnownFileType = text.xcconfig; name = "Pods-SidelineSwapiOSChallenge-SidelineSwapiOSChallengeUITests.release.xcconfig"; path = "Target Support Files/Pods-SidelineSwapiOSChallenge-SidelineSwapiOSChallengeUITests/Pods-SidelineSwapiOSChallenge-SidelineSwapiOSChallengeUITests.release.xcconfig"; sourceTree = "<group>"; };
/* End PBXFileReference section */

/* Begin PBXFrameworksBuildPhase section */
		8A483541252110B70027D116 /* Frameworks */ = {
			isa = PBXFrameworksBuildPhase;
			buildActionMask = 2147483647;
			files = (
				730FD27BB01E96B786E1262D /* Pods_SidelineSwapiOSChallenge.framework in Frameworks */,
			);
			runOnlyForDeploymentPostprocessing = 0;
		};
		8A483557252110B80027D116 /* Frameworks */ = {
			isa = PBXFrameworksBuildPhase;
			buildActionMask = 2147483647;
			files = (
				B4E1B4C526C09A4DC3F935C9 /* Pods_SidelineSwapiOSChallengeTests.framework in Frameworks */,
			);
			runOnlyForDeploymentPostprocessing = 0;
		};
		8A483562252110B80027D116 /* Frameworks */ = {
			isa = PBXFrameworksBuildPhase;
			buildActionMask = 2147483647;
			files = (
				D1D412DD2C6CDD9D26BDF649 /* Pods_SidelineSwapiOSChallenge_SidelineSwapiOSChallengeUITests.framework in Frameworks */,
			);
			runOnlyForDeploymentPostprocessing = 0;
		};
/* End PBXFrameworksBuildPhase section */

/* Begin PBXGroup section */
		2C2F9287920564F2AED029C1 /* Pods */ = {
			isa = PBXGroup;
			children = (
				E1AD8758B2843D573A94E53D /* Pods-SidelineSwapiOSChallenge.debug.xcconfig */,
				4D7D7AC501BB350D115A8A9F /* Pods-SidelineSwapiOSChallenge.release.xcconfig */,
				2AD25507AE36BBDAEDA502C2 /* Pods-SidelineSwapiOSChallenge-SidelineSwapiOSChallengeUITests.debug.xcconfig */,
				EFC0DE2B19C74C26BFE6229A /* Pods-SidelineSwapiOSChallenge-SidelineSwapiOSChallengeUITests.release.xcconfig */,
				2CFD165EE1F8F9AD9A746537 /* Pods-SidelineSwapiOSChallengeTests.debug.xcconfig */,
				B4232C0E1346B4A7AA0A2602 /* Pods-SidelineSwapiOSChallengeTests.release.xcconfig */,
			);
			path = Pods;
			sourceTree = "<group>";
		};
		62D74CEDD77B8342B6A2252B /* Frameworks */ = {
			isa = PBXGroup;
			children = (
				C75B772FB332C39C1A12E40E /* Pods_SidelineSwapiOSChallenge.framework */,
				A5864D749FD21CCF61099155 /* Pods_SidelineSwapiOSChallenge_SidelineSwapiOSChallengeUITests.framework */,
				12381AEAFE9FBBB5CD444B2F /* Pods_SidelineSwapiOSChallengeTests.framework */,
			);
			name = Frameworks;
			sourceTree = "<group>";
		};
		8A48353B252110B70027D116 = {
			isa = PBXGroup;
			children = (
				8A483546252110B70027D116 /* SidelineSwapiOSChallenge */,
				8A48355D252110B80027D116 /* SidelineSwapiOSChallengeTests */,
				8A483568252110B80027D116 /* SidelineSwapiOSChallengeUITests */,
				8A483545252110B70027D116 /* Products */,
				2C2F9287920564F2AED029C1 /* Pods */,
				62D74CEDD77B8342B6A2252B /* Frameworks */,
			);
			sourceTree = "<group>";
		};
		8A483545252110B70027D116 /* Products */ = {
			isa = PBXGroup;
			children = (
				8A483544252110B70027D116 /* SidelineSwapiOSChallenge.app */,
				8A48355A252110B80027D116 /* SidelineSwapiOSChallengeTests.xctest */,
				8A483565252110B80027D116 /* SidelineSwapiOSChallengeUITests.xctest */,
			);
			name = Products;
			sourceTree = "<group>";
		};
		8A483546252110B70027D116 /* SidelineSwapiOSChallenge */ = {
			isa = PBXGroup;
			children = (
				8A483547252110B70027D116 /* AppDelegate.swift */,
				8A483549252110B70027D116 /* SceneDelegate.swift */,
				8A483552252110B80027D116 /* LaunchScreen.storyboard */,
				8A4835812521208D0027D116 /* Models */,
				8A483583252120A00027D116 /* Controllers */,
				8A483582252120930027D116 /* Views */,
				8A483555252110B80027D116 /* Info.plist */,
				8A48358C252264FF0027D116 /* Resources */,
			);
			path = SidelineSwapiOSChallenge;
			sourceTree = "<group>";
		};
		8A48355D252110B80027D116 /* SidelineSwapiOSChallengeTests */ = {
			isa = PBXGroup;
			children = (
				8A48355E252110B80027D116 /* SidelineSwapiOSChallengeTests.swift */,
				8A483560252110B80027D116 /* Info.plist */,
			);
			path = SidelineSwapiOSChallengeTests;
			sourceTree = "<group>";
		};
		8A483568252110B80027D116 /* SidelineSwapiOSChallengeUITests */ = {
			isa = PBXGroup;
			children = (
				8A483569252110B80027D116 /* SidelineSwapiOSChallengeUITests.swift */,
				8A48356B252110B80027D116 /* Info.plist */,
			);
			path = SidelineSwapiOSChallengeUITests;
			sourceTree = "<group>";
		};
		8A4835812521208D0027D116 /* Models */ = {
			isa = PBXGroup;
			children = (
				8A48357F252118B50027D116 /* Networking.swift */,
				8A48357B252115A10027D116 /* ShopItem.swift */,
				8A4835842521211B0027D116 /* NetworkResponse.swift */,
				8A48358A252157440027D116 /* ImageItem.swift */,
			);
			path = Models;
			sourceTree = "<group>";
		};
		8A483582252120930027D116 /* Views */ = {
			isa = PBXGroup;
			children = (
				8A48354D252110B70027D116 /* Main.storyboard */,
				8A483579252115300027D116 /* ShopItemCollectionViewCell.swift */,
			);
			path = Views;
			sourceTree = "<group>";
		};
		8A483583252120A00027D116 /* Controllers */ = {
			isa = PBXGroup;
			children = (
				8A483577252114520027D116 /* ShopViewController.swift */,
			);
			path = Controllers;
			sourceTree = "<group>";
		};
		8A48358C252264FF0027D116 /* Resources */ = {
			isa = PBXGroup;
			children = (
				8A483550252110B80027D116 /* Assets.xcassets */,
			);
			path = Resources;
			sourceTree = "<group>";
		};
/* End PBXGroup section */

/* Begin PBXNativeTarget section */
		8A483543252110B70027D116 /* SidelineSwapiOSChallenge */ = {
			isa = PBXNativeTarget;
			buildConfigurationList = 8A48356E252110B80027D116 /* Build configuration list for PBXNativeTarget "SidelineSwapiOSChallenge" */;
			buildPhases = (
				105C4A518C8107259B3B6D6E /* [CP] Check Pods Manifest.lock */,
				8A483540252110B70027D116 /* Sources */,
				8A483541252110B70027D116 /* Frameworks */,
				8A483542252110B70027D116 /* Resources */,
				ED97138A05BBB7087BDA531F /* [CP] Embed Pods Frameworks */,
			);
			buildRules = (
			);
			dependencies = (
			);
			name = SidelineSwapiOSChallenge;
			productName = SidelineSwapiOSChallenge;
			productReference = 8A483544252110B70027D116 /* SidelineSwapiOSChallenge.app */;
			productType = "com.apple.product-type.application";
		};
		8A483559252110B80027D116 /* SidelineSwapiOSChallengeTests */ = {
			isa = PBXNativeTarget;
			buildConfigurationList = 8A483571252110B80027D116 /* Build configuration list for PBXNativeTarget "SidelineSwapiOSChallengeTests" */;
			buildPhases = (
				43FF89D0986C6E1CF7D68FFF /* [CP] Check Pods Manifest.lock */,
				8A483556252110B80027D116 /* Sources */,
				8A483557252110B80027D116 /* Frameworks */,
				8A483558252110B80027D116 /* Resources */,
			);
			buildRules = (
			);
			dependencies = (
				8A48355C252110B80027D116 /* PBXTargetDependency */,
			);
			name = SidelineSwapiOSChallengeTests;
			productName = SidelineSwapiOSChallengeTests;
			productReference = 8A48355A252110B80027D116 /* SidelineSwapiOSChallengeTests.xctest */;
			productType = "com.apple.product-type.bundle.unit-test";
		};
		8A483564252110B80027D116 /* SidelineSwapiOSChallengeUITests */ = {
			isa = PBXNativeTarget;
			buildConfigurationList = 8A483574252110B80027D116 /* Build configuration list for PBXNativeTarget "SidelineSwapiOSChallengeUITests" */;
			buildPhases = (
				EEC7270FE945159E4DE73E2B /* [CP] Check Pods Manifest.lock */,
				8A483561252110B80027D116 /* Sources */,
				8A483562252110B80027D116 /* Frameworks */,
				8A483563252110B80027D116 /* Resources */,
				320DDF3CD2B8C6C00E966420 /* [CP] Embed Pods Frameworks */,
			);
			buildRules = (
			);
			dependencies = (
				8A483567252110B80027D116 /* PBXTargetDependency */,
			);
			name = SidelineSwapiOSChallengeUITests;
			productName = SidelineSwapiOSChallengeUITests;
			productReference = 8A483565252110B80027D116 /* SidelineSwapiOSChallengeUITests.xctest */;
			productType = "com.apple.product-type.bundle.ui-testing";
		};
/* End PBXNativeTarget section */

/* Begin PBXProject section */
		8A48353C252110B70027D116 /* Project object */ = {
			isa = PBXProject;
			attributes = {
				LastSwiftUpdateCheck = 1160;
				LastUpgradeCheck = 1160;
				ORGANIZATIONNAME = "Adam Halper";
				TargetAttributes = {
					8A483543252110B70027D116 = {
						CreatedOnToolsVersion = 11.6;
					};
					8A483559252110B80027D116 = {
						CreatedOnToolsVersion = 11.6;
						TestTargetID = 8A483543252110B70027D116;
					};
					8A483564252110B80027D116 = {
						CreatedOnToolsVersion = 11.6;
						TestTargetID = 8A483543252110B70027D116;
					};
				};
			};
			buildConfigurationList = 8A48353F252110B70027D116 /* Build configuration list for PBXProject "SidelineSwapiOSChallenge" */;
			compatibilityVersion = "Xcode 9.3";
			developmentRegion = en;
			hasScannedForEncodings = 0;
			knownRegions = (
				en,
				Base,
			);
			mainGroup = 8A48353B252110B70027D116;
			productRefGroup = 8A483545252110B70027D116 /* Products */;
			projectDirPath = "";
			projectRoot = "";
			targets = (
				8A483543252110B70027D116 /* SidelineSwapiOSChallenge */,
				8A483559252110B80027D116 /* SidelineSwapiOSChallengeTests */,
				8A483564252110B80027D116 /* SidelineSwapiOSChallengeUITests */,
			);
		};
/* End PBXProject section */

/* Begin PBXResourcesBuildPhase section */
		8A483542252110B70027D116 /* Resources */ = {
			isa = PBXResourcesBuildPhase;
			buildActionMask = 2147483647;
			files = (
				8A483554252110B80027D116 /* LaunchScreen.storyboard in Resources */,
				8A483551252110B80027D116 /* Assets.xcassets in Resources */,
				8A48354F252110B70027D116 /* Main.storyboard in Resources */,
			);
			runOnlyForDeploymentPostprocessing = 0;
		};
		8A483558252110B80027D116 /* Resources */ = {
			isa = PBXResourcesBuildPhase;
			buildActionMask = 2147483647;
			files = (
			);
			runOnlyForDeploymentPostprocessing = 0;
		};
		8A483563252110B80027D116 /* Resources */ = {
			isa = PBXResourcesBuildPhase;
			buildActionMask = 2147483647;
			files = (
			);
			runOnlyForDeploymentPostprocessing = 0;
		};
/* End PBXResourcesBuildPhase section */

/* Begin PBXShellScriptBuildPhase section */
		105C4A518C8107259B3B6D6E /* [CP] Check Pods Manifest.lock */ = {
			isa = PBXShellScriptBuildPhase;
			buildActionMask = 2147483647;
			files = (
			);
			inputFileListPaths = (
			);
			inputPaths = (
				"${PODS_PODFILE_DIR_PATH}/Podfile.lock",
				"${PODS_ROOT}/Manifest.lock",
			);
			name = "[CP] Check Pods Manifest.lock";
			outputFileListPaths = (
			);
			outputPaths = (
				"$(DERIVED_FILE_DIR)/Pods-SidelineSwapiOSChallenge-checkManifestLockResult.txt",
			);
			runOnlyForDeploymentPostprocessing = 0;
			shellPath = /bin/sh;
			shellScript = "diff \"${PODS_PODFILE_DIR_PATH}/Podfile.lock\" \"${PODS_ROOT}/Manifest.lock\" > /dev/null\nif [ $? != 0 ] ; then\n    # print error to STDERR\n    echo \"error: The sandbox is not in sync with the Podfile.lock. Run 'pod install' or update your CocoaPods installation.\" >&2\n    exit 1\nfi\n# This output is used by Xcode 'outputs' to avoid re-running this script phase.\necho \"SUCCESS\" > \"${SCRIPT_OUTPUT_FILE_0}\"\n";
			showEnvVarsInLog = 0;
		};
		320DDF3CD2B8C6C00E966420 /* [CP] Embed Pods Frameworks */ = {
			isa = PBXShellScriptBuildPhase;
			buildActionMask = 2147483647;
			files = (
			);
			inputFileListPaths = (
				"${PODS_ROOT}/Target Support Files/Pods-SidelineSwapiOSChallenge-SidelineSwapiOSChallengeUITests/Pods-SidelineSwapiOSChallenge-SidelineSwapiOSChallengeUITests-frameworks-${CONFIGURATION}-input-files.xcfilelist",
			);
			name = "[CP] Embed Pods Frameworks";
			outputFileListPaths = (
				"${PODS_ROOT}/Target Support Files/Pods-SidelineSwapiOSChallenge-SidelineSwapiOSChallengeUITests/Pods-SidelineSwapiOSChallenge-SidelineSwapiOSChallengeUITests-frameworks-${CONFIGURATION}-output-files.xcfilelist",
			);
			runOnlyForDeploymentPostprocessing = 0;
			shellPath = /bin/sh;
			shellScript = "\"${PODS_ROOT}/Target Support Files/Pods-SidelineSwapiOSChallenge-SidelineSwapiOSChallengeUITests/Pods-SidelineSwapiOSChallenge-SidelineSwapiOSChallengeUITests-frameworks.sh\"\n";
			showEnvVarsInLog = 0;
		};
		43FF89D0986C6E1CF7D68FFF /* [CP] Check Pods Manifest.lock */ = {
			isa = PBXShellScriptBuildPhase;
			buildActionMask = 2147483647;
			files = (
			);
			inputFileListPaths = (
			);
			inputPaths = (
				"${PODS_PODFILE_DIR_PATH}/Podfile.lock",
				"${PODS_ROOT}/Manifest.lock",
			);
			name = "[CP] Check Pods Manifest.lock";
			outputFileListPaths = (
			);
			outputPaths = (
				"$(DERIVED_FILE_DIR)/Pods-SidelineSwapiOSChallengeTests-checkManifestLockResult.txt",
			);
			runOnlyForDeploymentPostprocessing = 0;
			shellPath = /bin/sh;
			shellScript = "diff \"${PODS_PODFILE_DIR_PATH}/Podfile.lock\" \"${PODS_ROOT}/Manifest.lock\" > /dev/null\nif [ $? != 0 ] ; then\n    # print error to STDERR\n    echo \"error: The sandbox is not in sync with the Podfile.lock. Run 'pod install' or update your CocoaPods installation.\" >&2\n    exit 1\nfi\n# This output is used by Xcode 'outputs' to avoid re-running this script phase.\necho \"SUCCESS\" > \"${SCRIPT_OUTPUT_FILE_0}\"\n";
			showEnvVarsInLog = 0;
		};
		ED97138A05BBB7087BDA531F /* [CP] Embed Pods Frameworks */ = {
			isa = PBXShellScriptBuildPhase;
			buildActionMask = 2147483647;
			files = (
			);
			inputFileListPaths = (
				"${PODS_ROOT}/Target Support Files/Pods-SidelineSwapiOSChallenge/Pods-SidelineSwapiOSChallenge-frameworks-${CONFIGURATION}-input-files.xcfilelist",
			);
			name = "[CP] Embed Pods Frameworks";
			outputFileListPaths = (
				"${PODS_ROOT}/Target Support Files/Pods-SidelineSwapiOSChallenge/Pods-SidelineSwapiOSChallenge-frameworks-${CONFIGURATION}-output-files.xcfilelist",
			);
			runOnlyForDeploymentPostprocessing = 0;
			shellPath = /bin/sh;
			shellScript = "\"${PODS_ROOT}/Target Support Files/Pods-SidelineSwapiOSChallenge/Pods-SidelineSwapiOSChallenge-frameworks.sh\"\n";
			showEnvVarsInLog = 0;
		};
		EEC7270FE945159E4DE73E2B /* [CP] Check Pods Manifest.lock */ = {
			isa = PBXShellScriptBuildPhase;
			buildActionMask = 2147483647;
			files = (
			);
			inputFileListPaths = (
			);
			inputPaths = (
				"${PODS_PODFILE_DIR_PATH}/Podfile.lock",
				"${PODS_ROOT}/Manifest.lock",
			);
			name = "[CP] Check Pods Manifest.lock";
			outputFileListPaths = (
			);
			outputPaths = (
				"$(DERIVED_FILE_DIR)/Pods-SidelineSwapiOSChallenge-SidelineSwapiOSChallengeUITests-checkManifestLockResult.txt",
			);
			runOnlyForDeploymentPostprocessing = 0;
			shellPath = /bin/sh;
			shellScript = "diff \"${PODS_PODFILE_DIR_PATH}/Podfile.lock\" \"${PODS_ROOT}/Manifest.lock\" > /dev/null\nif [ $? != 0 ] ; then\n    # print error to STDERR\n    echo \"error: The sandbox is not in sync with the Podfile.lock. Run 'pod install' or update your CocoaPods installation.\" >&2\n    exit 1\nfi\n# This output is used by Xcode 'outputs' to avoid re-running this script phase.\necho \"SUCCESS\" > \"${SCRIPT_OUTPUT_FILE_0}\"\n";
			showEnvVarsInLog = 0;
		};
/* End PBXShellScriptBuildPhase section */

/* Begin PBXSourcesBuildPhase section */
		8A483540252110B70027D116 /* Sources */ = {
			isa = PBXSourcesBuildPhase;
			buildActionMask = 2147483647;
			files = (
				8A48358B252157440027D116 /* ImageItem.swift in Sources */,
				8A483578252114520027D116 /* ShopViewController.swift in Sources */,
				8A483580252118B50027D116 /* Networking.swift in Sources */,
				8A48357C252115A10027D116 /* ShopItem.swift in Sources */,
				8A4835852521211B0027D116 /* NetworkResponse.swift in Sources */,
				8A483548252110B70027D116 /* AppDelegate.swift in Sources */,
				8A48357A252115300027D116 /* ShopItemCollectionViewCell.swift in Sources */,
				8A48354A252110B70027D116 /* SceneDelegate.swift in Sources */,
			);
			runOnlyForDeploymentPostprocessing = 0;
		};
		8A483556252110B80027D116 /* Sources */ = {
			isa = PBXSourcesBuildPhase;
			buildActionMask = 2147483647;
			files = (
				8A48355F252110B80027D116 /* SidelineSwapiOSChallengeTests.swift in Sources */,
			);
			runOnlyForDeploymentPostprocessing = 0;
		};
		8A483561252110B80027D116 /* Sources */ = {
			isa = PBXSourcesBuildPhase;
			buildActionMask = 2147483647;
			files = (
				8A48356A252110B80027D116 /* SidelineSwapiOSChallengeUITests.swift in Sources */,
			);
			runOnlyForDeploymentPostprocessing = 0;
		};
/* End PBXSourcesBuildPhase section */

/* Begin PBXTargetDependency section */
		8A48355C252110B80027D116 /* PBXTargetDependency */ = {
			isa = PBXTargetDependency;
			target = 8A483543252110B70027D116 /* SidelineSwapiOSChallenge */;
			targetProxy = 8A48355B252110B80027D116 /* PBXContainerItemProxy */;
		};
		8A483567252110B80027D116 /* PBXTargetDependency */ = {
			isa = PBXTargetDependency;
			target = 8A483543252110B70027D116 /* SidelineSwapiOSChallenge */;
			targetProxy = 8A483566252110B80027D116 /* PBXContainerItemProxy */;
		};
/* End PBXTargetDependency section */

/* Begin PBXVariantGroup section */
		8A48354D252110B70027D116 /* Main.storyboard */ = {
			isa = PBXVariantGroup;
			children = (
				8A48354E252110B70027D116 /* Base */,
			);
			name = Main.storyboard;
			sourceTree = "<group>";
		};
		8A483552252110B80027D116 /* LaunchScreen.storyboard */ = {
			isa = PBXVariantGroup;
			children = (
				8A483553252110B80027D116 /* Base */,
			);
			name = LaunchScreen.storyboard;
			sourceTree = "<group>";
		};
/* End PBXVariantGroup section */

/* Begin XCBuildConfiguration section */
		8A48356C252110B80027D116 /* Debug */ = {
			isa = XCBuildConfiguration;
			buildSettings = {
				ALWAYS_SEARCH_USER_PATHS = NO;
				CLANG_ANALYZER_NONNULL = YES;
				CLANG_ANALYZER_NUMBER_OBJECT_CONVERSION = YES_AGGRESSIVE;
				CLANG_CXX_LANGUAGE_STANDARD = "gnu++14";
				CLANG_CXX_LIBRARY = "libc++";
				CLANG_ENABLE_MODULES = YES;
				CLANG_ENABLE_OBJC_ARC = YES;
				CLANG_ENABLE_OBJC_WEAK = YES;
				CLANG_WARN_BLOCK_CAPTURE_AUTORELEASING = YES;
				CLANG_WARN_BOOL_CONVERSION = YES;
				CLANG_WARN_COMMA = YES;
				CLANG_WARN_CONSTANT_CONVERSION = YES;
				CLANG_WARN_DEPRECATED_OBJC_IMPLEMENTATIONS = YES;
				CLANG_WARN_DIRECT_OBJC_ISA_USAGE = YES_ERROR;
				CLANG_WARN_DOCUMENTATION_COMMENTS = YES;
				CLANG_WARN_EMPTY_BODY = YES;
				CLANG_WARN_ENUM_CONVERSION = YES;
				CLANG_WARN_INFINITE_RECURSION = YES;
				CLANG_WARN_INT_CONVERSION = YES;
				CLANG_WARN_NON_LITERAL_NULL_CONVERSION = YES;
				CLANG_WARN_OBJC_IMPLICIT_RETAIN_SELF = YES;
				CLANG_WARN_OBJC_LITERAL_CONVERSION = YES;
				CLANG_WARN_OBJC_ROOT_CLASS = YES_ERROR;
				CLANG_WARN_RANGE_LOOP_ANALYSIS = YES;
				CLANG_WARN_STRICT_PROTOTYPES = YES;
				CLANG_WARN_SUSPICIOUS_MOVE = YES;
				CLANG_WARN_UNGUARDED_AVAILABILITY = YES_AGGRESSIVE;
				CLANG_WARN_UNREACHABLE_CODE = YES;
				CLANG_WARN__DUPLICATE_METHOD_MATCH = YES;
				COPY_PHASE_STRIP = NO;
				DEBUG_INFORMATION_FORMAT = dwarf;
				ENABLE_STRICT_OBJC_MSGSEND = YES;
				ENABLE_TESTABILITY = YES;
				GCC_C_LANGUAGE_STANDARD = gnu11;
				GCC_DYNAMIC_NO_PIC = NO;
				GCC_NO_COMMON_BLOCKS = YES;
				GCC_OPTIMIZATION_LEVEL = 0;
				GCC_PREPROCESSOR_DEFINITIONS = (
					"DEBUG=1",
					"$(inherited)",
				);
				GCC_WARN_64_TO_32_BIT_CONVERSION = YES;
				GCC_WARN_ABOUT_RETURN_TYPE = YES_ERROR;
				GCC_WARN_UNDECLARED_SELECTOR = YES;
				GCC_WARN_UNINITIALIZED_AUTOS = YES_AGGRESSIVE;
				GCC_WARN_UNUSED_FUNCTION = YES;
				GCC_WARN_UNUSED_VARIABLE = YES;
				IPHONEOS_DEPLOYMENT_TARGET = 13.6;
				MTL_ENABLE_DEBUG_INFO = INCLUDE_SOURCE;
				MTL_FAST_MATH = YES;
				ONLY_ACTIVE_ARCH = YES;
				SDKROOT = iphoneos;
				SWIFT_ACTIVE_COMPILATION_CONDITIONS = DEBUG;
				SWIFT_OPTIMIZATION_LEVEL = "-Onone";
			};
			name = Debug;
		};
		8A48356D252110B80027D116 /* Release */ = {
			isa = XCBuildConfiguration;
			buildSettings = {
				ALWAYS_SEARCH_USER_PATHS = NO;
				CLANG_ANALYZER_NONNULL = YES;
				CLANG_ANALYZER_NUMBER_OBJECT_CONVERSION = YES_AGGRESSIVE;
				CLANG_CXX_LANGUAGE_STANDARD = "gnu++14";
				CLANG_CXX_LIBRARY = "libc++";
				CLANG_ENABLE_MODULES = YES;
				CLANG_ENABLE_OBJC_ARC = YES;
				CLANG_ENABLE_OBJC_WEAK = YES;
				CLANG_WARN_BLOCK_CAPTURE_AUTORELEASING = YES;
				CLANG_WARN_BOOL_CONVERSION = YES;
				CLANG_WARN_COMMA = YES;
				CLANG_WARN_CONSTANT_CONVERSION = YES;
				CLANG_WARN_DEPRECATED_OBJC_IMPLEMENTATIONS = YES;
				CLANG_WARN_DIRECT_OBJC_ISA_USAGE = YES_ERROR;
				CLANG_WARN_DOCUMENTATION_COMMENTS = YES;
				CLANG_WARN_EMPTY_BODY = YES;
				CLANG_WARN_ENUM_CONVERSION = YES;
				CLANG_WARN_INFINITE_RECURSION = YES;
				CLANG_WARN_INT_CONVERSION = YES;
				CLANG_WARN_NON_LITERAL_NULL_CONVERSION = YES;
				CLANG_WARN_OBJC_IMPLICIT_RETAIN_SELF = YES;
				CLANG_WARN_OBJC_LITERAL_CONVERSION = YES;
				CLANG_WARN_OBJC_ROOT_CLASS = YES_ERROR;
				CLANG_WARN_RANGE_LOOP_ANALYSIS = YES;
				CLANG_WARN_STRICT_PROTOTYPES = YES;
				CLANG_WARN_SUSPICIOUS_MOVE = YES;
				CLANG_WARN_UNGUARDED_AVAILABILITY = YES_AGGRESSIVE;
				CLANG_WARN_UNREACHABLE_CODE = YES;
				CLANG_WARN__DUPLICATE_METHOD_MATCH = YES;
				COPY_PHASE_STRIP = NO;
				DEBUG_INFORMATION_FORMAT = "dwarf-with-dsym";
				ENABLE_NS_ASSERTIONS = NO;
				ENABLE_STRICT_OBJC_MSGSEND = YES;
				GCC_C_LANGUAGE_STANDARD = gnu11;
				GCC_NO_COMMON_BLOCKS = YES;
				GCC_WARN_64_TO_32_BIT_CONVERSION = YES;
				GCC_WARN_ABOUT_RETURN_TYPE = YES_ERROR;
				GCC_WARN_UNDECLARED_SELECTOR = YES;
				GCC_WARN_UNINITIALIZED_AUTOS = YES_AGGRESSIVE;
				GCC_WARN_UNUSED_FUNCTION = YES;
				GCC_WARN_UNUSED_VARIABLE = YES;
				IPHONEOS_DEPLOYMENT_TARGET = 13.6;
				MTL_ENABLE_DEBUG_INFO = NO;
				MTL_FAST_MATH = YES;
				SDKROOT = iphoneos;
				SWIFT_COMPILATION_MODE = wholemodule;
				SWIFT_OPTIMIZATION_LEVEL = "-O";
				VALIDATE_PRODUCT = YES;
			};
			name = Release;
		};
		8A48356F252110B80027D116 /* Debug */ = {
			isa = XCBuildConfiguration;
			baseConfigurationReference = E1AD8758B2843D573A94E53D /* Pods-SidelineSwapiOSChallenge.debug.xcconfig */;
			buildSettings = {
				ASSETCATALOG_COMPILER_APPICON_NAME = AppIcon;
				CODE_SIGN_STYLE = Automatic;
				DEVELOPMENT_TEAM = 75GE4R4KM2;
				INFOPLIST_FILE = SidelineSwapiOSChallenge/Info.plist;
				IPHONEOS_DEPLOYMENT_TARGET = 10.0;
				LD_RUNPATH_SEARCH_PATHS = (
					"$(inherited)",
					"@executable_path/Frameworks",
				);
				PRODUCT_BUNDLE_IDENTIFIER = personal.SidelineSwapiOSChallenge;
				PRODUCT_NAME = "$(TARGET_NAME)";
				SWIFT_VERSION = 5.0;
				TARGETED_DEVICE_FAMILY = "1,2";
			};
			name = Debug;
		};
		8A483570252110B80027D116 /* Release */ = {
			isa = XCBuildConfiguration;
			baseConfigurationReference = 4D7D7AC501BB350D115A8A9F /* Pods-SidelineSwapiOSChallenge.release.xcconfig */;
			buildSettings = {
				ASSETCATALOG_COMPILER_APPICON_NAME = AppIcon;
				CODE_SIGN_STYLE = Automatic;
				DEVELOPMENT_TEAM = 75GE4R4KM2;
				INFOPLIST_FILE = SidelineSwapiOSChallenge/Info.plist;
				IPHONEOS_DEPLOYMENT_TARGET = 10.0;
				LD_RUNPATH_SEARCH_PATHS = (
					"$(inherited)",
					"@executable_path/Frameworks",
				);
				PRODUCT_BUNDLE_IDENTIFIER = personal.SidelineSwapiOSChallenge;
				PRODUCT_NAME = "$(TARGET_NAME)";
				SWIFT_VERSION = 5.0;
				TARGETED_DEVICE_FAMILY = "1,2";
			};
			name = Release;
		};
		8A483572252110B80027D116 /* Debug */ = {
			isa = XCBuildConfiguration;
			baseConfigurationReference = 2CFD165EE1F8F9AD9A746537 /* Pods-SidelineSwapiOSChallengeTests.debug.xcconfig */;
			buildSettings = {
				ALWAYS_EMBED_SWIFT_STANDARD_LIBRARIES = YES;
				BUNDLE_LOADER = "$(TEST_HOST)";
				CODE_SIGN_STYLE = Automatic;
				INFOPLIST_FILE = SidelineSwapiOSChallengeTests/Info.plist;
				IPHONEOS_DEPLOYMENT_TARGET = 13.6;
				LD_RUNPATH_SEARCH_PATHS = (
					"$(inherited)",
					"@executable_path/Frameworks",
					"@loader_path/Frameworks",
				);
				PRODUCT_BUNDLE_IDENTIFIER = personal.SidelineSwapiOSChallengeTests;
				PRODUCT_NAME = "$(TARGET_NAME)";
				SWIFT_VERSION = 5.0;
				TARGETED_DEVICE_FAMILY = "1,2";
				TEST_HOST = "$(BUILT_PRODUCTS_DIR)/SidelineSwapiOSChallenge.app/SidelineSwapiOSChallenge";
			};
			name = Debug;
		};
		8A483573252110B80027D116 /* Release */ = {
			isa = XCBuildConfiguration;
			baseConfigurationReference = B4232C0E1346B4A7AA0A2602 /* Pods-SidelineSwapiOSChallengeTests.release.xcconfig */;
			buildSettings = {
				ALWAYS_EMBED_SWIFT_STANDARD_LIBRARIES = YES;
				BUNDLE_LOADER = "$(TEST_HOST)";
				CODE_SIGN_STYLE = Automatic;
				INFOPLIST_FILE = SidelineSwapiOSChallengeTests/Info.plist;
				IPHONEOS_DEPLOYMENT_TARGET = 13.6;
				LD_RUNPATH_SEARCH_PATHS = (
					"$(inherited)",
					"@executable_path/Frameworks",
					"@loader_path/Frameworks",
				);
				PRODUCT_BUNDLE_IDENTIFIER = personal.SidelineSwapiOSChallengeTests;
				PRODUCT_NAME = "$(TARGET_NAME)";
				SWIFT_VERSION = 5.0;
				TARGETED_DEVICE_FAMILY = "1,2";
				TEST_HOST = "$(BUILT_PRODUCTS_DIR)/SidelineSwapiOSChallenge.app/SidelineSwapiOSChallenge";
			};
			name = Release;
		};
		8A483575252110B80027D116 /* Debug */ = {
			isa = XCBuildConfiguration;
			baseConfigurationReference = 2AD25507AE36BBDAEDA502C2 /* Pods-SidelineSwapiOSChallenge-SidelineSwapiOSChallengeUITests.debug.xcconfig */;
			buildSettings = {
				ALWAYS_EMBED_SWIFT_STANDARD_LIBRARIES = YES;
				CODE_SIGN_STYLE = Automatic;
				INFOPLIST_FILE = SidelineSwapiOSChallengeUITests/Info.plist;
				LD_RUNPATH_SEARCH_PATHS = (
					"$(inherited)",
					"@executable_path/Frameworks",
					"@loader_path/Frameworks",
				);
				PRODUCT_BUNDLE_IDENTIFIER = personal.SidelineSwapiOSChallengeUITests;
				PRODUCT_NAME = "$(TARGET_NAME)";
				SWIFT_VERSION = 5.0;
				TARGETED_DEVICE_FAMILY = "1,2";
				TEST_TARGET_NAME = SidelineSwapiOSChallenge;
			};
			name = Debug;
		};
		8A483576252110B80027D116 /* Release */ = {
			isa = XCBuildConfiguration;
			baseConfigurationReference = EFC0DE2B19C74C26BFE6229A /* Pods-SidelineSwapiOSChallenge-SidelineSwapiOSChallengeUITests.release.xcconfig */;
			buildSettings = {
				ALWAYS_EMBED_SWIFT_STANDARD_LIBRARIES = YES;
				CODE_SIGN_STYLE = Automatic;
				INFOPLIST_FILE = SidelineSwapiOSChallengeUITests/Info.plist;
				LD_RUNPATH_SEARCH_PATHS = (
					"$(inherited)",
					"@executable_path/Frameworks",
					"@loader_path/Frameworks",
				);
				PRODUCT_BUNDLE_IDENTIFIER = personal.SidelineSwapiOSChallengeUITests;
				PRODUCT_NAME = "$(TARGET_NAME)";
				SWIFT_VERSION = 5.0;
				TARGETED_DEVICE_FAMILY = "1,2";
				TEST_TARGET_NAME = SidelineSwapiOSChallenge;
			};
			name = Release;
		};
/* End XCBuildConfiguration section */

/* Begin XCConfigurationList section */
		8A48353F252110B70027D116 /* Build configuration list for PBXProject "SidelineSwapiOSChallenge" */ = {
			isa = XCConfigurationList;
			buildConfigurations = (
				8A48356C252110B80027D116 /* Debug */,
				8A48356D252110B80027D116 /* Release */,
			);
			defaultConfigurationIsVisible = 0;
			defaultConfigurationName = Release;
		};
		8A48356E252110B80027D116 /* Build configuration list for PBXNativeTarget "SidelineSwapiOSChallenge" */ = {
			isa = XCConfigurationList;
			buildConfigurations = (
				8A48356F252110B80027D116 /* Debug */,
				8A483570252110B80027D116 /* Release */,
			);
			defaultConfigurationIsVisible = 0;
			defaultConfigurationName = Release;
		};
		8A483571252110B80027D116 /* Build configuration list for PBXNativeTarget "SidelineSwapiOSChallengeTests" */ = {
			isa = XCConfigurationList;
			buildConfigurations = (
				8A483572252110B80027D116 /* Debug */,
				8A483573252110B80027D116 /* Release */,
			);
			defaultConfigurationIsVisible = 0;
			defaultConfigurationName = Release;
		};
		8A483574252110B80027D116 /* Build configuration list for PBXNativeTarget "SidelineSwapiOSChallengeUITests" */ = {
			isa = XCConfigurationList;
			buildConfigurations = (
				8A483575252110B80027D116 /* Debug */,
				8A483576252110B80027D116 /* Release */,
			);
			defaultConfigurationIsVisible = 0;
			defaultConfigurationName = Release;
		};
/* End XCConfigurationList section */
	};
	rootObject = 8A48353C252110B70027D116 /* Project object */;
}
